// !$*UTF8*$!
{
	archiveVersion = 1;
	classes = {
	};
	objectVersion = 50;
	objects = {

/* Begin PBXBuildFile section */
		CF07796920D037CA005409E9 /* MapViewController.swift in Sources */ = {isa = PBXBuildFile; fileRef = CF07796820D037CA005409E9 /* MapViewController.swift */; };
		CF07796B20D03973005409E9 /* ListViewController.swift in Sources */ = {isa = PBXBuildFile; fileRef = CF07796A20D03973005409E9 /* ListViewController.swift */; };
		CF07797420D05D5F005409E9 /* ParseClientConstants.swift in Sources */ = {isa = PBXBuildFile; fileRef = CF07797320D05D5F005409E9 /* ParseClientConstants.swift */; };
		CF07797620D05D72005409E9 /* StudentInformation.swift in Sources */ = {isa = PBXBuildFile; fileRef = CF07797520D05D72005409E9 /* StudentInformation.swift */; };
		CF1AEFAC20D0196B00B0EB8C /* AppDelegate.swift in Sources */ = {isa = PBXBuildFile; fileRef = CF1AEFAB20D0196B00B0EB8C /* AppDelegate.swift */; };
		CF1AEFAE20D0196B00B0EB8C /* LoginViewController.swift in Sources */ = {isa = PBXBuildFile; fileRef = CF1AEFAD20D0196B00B0EB8C /* LoginViewController.swift */; };
		CF1AEFB120D0196B00B0EB8C /* Main.storyboard in Resources */ = {isa = PBXBuildFile; fileRef = CF1AEFAF20D0196B00B0EB8C /* Main.storyboard */; };
		CF1AEFB320D0196C00B0EB8C /* Assets.xcassets in Resources */ = {isa = PBXBuildFile; fileRef = CF1AEFB220D0196C00B0EB8C /* Assets.xcassets */; };
		CF1AEFB620D0196C00B0EB8C /* LaunchScreen.storyboard in Resources */ = {isa = PBXBuildFile; fileRef = CF1AEFB420D0196C00B0EB8C /* LaunchScreen.storyboard */; };
		CF3AD71B20DC0B60004F6340 /* StudentInformationViewController.swift in Sources */ = {isa = PBXBuildFile; fileRef = CF3AD71A20DC0B60004F6340 /* StudentInformationViewController.swift */; };
		CF3AD71D20DC0E5A004F6340 /* Constants.swift in Sources */ = {isa = PBXBuildFile; fileRef = CF3AD71C20DC0E5A004F6340 /* Constants.swift */; };
		CF3AD71F20DC4092004F6340 /* InformationPostingViewController.swift in Sources */ = {isa = PBXBuildFile; fileRef = CF3AD71E20DC4092004F6340 /* InformationPostingViewController.swift */; };
		CF4ACB3320D2D19200038A3B /* ParseClient.swift in Sources */ = {isa = PBXBuildFile; fileRef = CF4ACB3220D2D19200038A3B /* ParseClient.swift */; };
		CF4F4DC820DD85F400995FF9 /* LocationConfirmationViewController.swift in Sources */ = {isa = PBXBuildFile; fileRef = CF4F4DC720DD85F400995FF9 /* LocationConfirmationViewController.swift */; };
		CF64245E20D4674A0084D3F8 /* TabBarController.swift in Sources */ = {isa = PBXBuildFile; fileRef = CF64245D20D4674A0084D3F8 /* TabBarController.swift */; };
		CF6CF0B420E1576400CFF43D /* UserDataService.swift in Sources */ = {isa = PBXBuildFile; fileRef = CF6CF0B320E1576400CFF43D /* UserDataService.swift */; };
		CF6CF0B620E2B54200CFF43D /* UdacityClient.swift in Sources */ = {isa = PBXBuildFile; fileRef = CF6CF0B520E2B54200CFF43D /* UdacityClient.swift */; };
		CF6CF0B820E2B5D200CFF43D /* UdacityClientConstants.swift in Sources */ = {isa = PBXBuildFile; fileRef = CF6CF0B720E2B5D200CFF43D /* UdacityClientConstants.swift */; };
		CF6CF0BC20E3D7D200CFF43D /* NetworkManager.swift in Sources */ = {isa = PBXBuildFile; fileRef = CF6CF0BB20E3D7D200CFF43D /* NetworkManager.swift */; };
/* End PBXBuildFile section */

/* Begin PBXFileReference section */
		CF07796820D037CA005409E9 /* MapViewController.swift */ = {isa = PBXFileReference; lastKnownFileType = sourcecode.swift; path = MapViewController.swift; sourceTree = "<group>"; };
		CF07796A20D03973005409E9 /* ListViewController.swift */ = {isa = PBXFileReference; lastKnownFileType = sourcecode.swift; path = ListViewController.swift; sourceTree = "<group>"; };
		CF07797320D05D5F005409E9 /* ParseClientConstants.swift */ = {isa = PBXFileReference; fileEncoding = 4; lastKnownFileType = sourcecode.swift; path = ParseClientConstants.swift; sourceTree = "<group>"; };
		CF07797520D05D72005409E9 /* StudentInformation.swift */ = {isa = PBXFileReference; fileEncoding = 4; lastKnownFileType = sourcecode.swift; path = StudentInformation.swift; sourceTree = "<group>"; };
		CF1AEFA820D0196B00B0EB8C /* OnTheMap.app */ = {isa = PBXFileReference; explicitFileType = wrapper.application; includeInIndex = 0; path = OnTheMap.app; sourceTree = BUILT_PRODUCTS_DIR; };
		CF1AEFAB20D0196B00B0EB8C /* AppDelegate.swift */ = {isa = PBXFileReference; lastKnownFileType = sourcecode.swift; path = AppDelegate.swift; sourceTree = "<group>"; };
		CF1AEFAD20D0196B00B0EB8C /* LoginViewController.swift */ = {isa = PBXFileReference; lastKnownFileType = sourcecode.swift; path = LoginViewController.swift; sourceTree = "<group>"; };
		CF1AEFB020D0196B00B0EB8C /* Base */ = {isa = PBXFileReference; lastKnownFileType = file.storyboard; name = Base; path = Base.lproj/Main.storyboard; sourceTree = "<group>"; };
		CF1AEFB220D0196C00B0EB8C /* Assets.xcassets */ = {isa = PBXFileReference; lastKnownFileType = folder.assetcatalog; path = Assets.xcassets; sourceTree = "<group>"; };
		CF1AEFB520D0196C00B0EB8C /* Base */ = {isa = PBXFileReference; lastKnownFileType = file.storyboard; name = Base; path = Base.lproj/LaunchScreen.storyboard; sourceTree = "<group>"; };
		CF1AEFB720D0196C00B0EB8C /* Info.plist */ = {isa = PBXFileReference; lastKnownFileType = text.plist.xml; path = Info.plist; sourceTree = "<group>"; };
		CF3AD71A20DC0B60004F6340 /* StudentInformationViewController.swift */ = {isa = PBXFileReference; lastKnownFileType = sourcecode.swift; path = StudentInformationViewController.swift; sourceTree = "<group>"; };
		CF3AD71C20DC0E5A004F6340 /* Constants.swift */ = {isa = PBXFileReference; lastKnownFileType = sourcecode.swift; path = Constants.swift; sourceTree = "<group>"; };
		CF3AD71E20DC4092004F6340 /* InformationPostingViewController.swift */ = {isa = PBXFileReference; lastKnownFileType = sourcecode.swift; path = InformationPostingViewController.swift; sourceTree = "<group>"; };
		CF4ACB3220D2D19200038A3B /* ParseClient.swift */ = {isa = PBXFileReference; lastKnownFileType = sourcecode.swift; path = ParseClient.swift; sourceTree = "<group>"; };
		CF4F4DC720DD85F400995FF9 /* LocationConfirmationViewController.swift */ = {isa = PBXFileReference; lastKnownFileType = sourcecode.swift; path = LocationConfirmationViewController.swift; sourceTree = "<group>"; };
		CF64245D20D4674A0084D3F8 /* TabBarController.swift */ = {isa = PBXFileReference; lastKnownFileType = sourcecode.swift; path = TabBarController.swift; sourceTree = "<group>"; };
		CF6CF0B320E1576400CFF43D /* UserDataService.swift */ = {isa = PBXFileReference; lastKnownFileType = sourcecode.swift; path = UserDataService.swift; sourceTree = "<group>"; };
		CF6CF0B520E2B54200CFF43D /* UdacityClient.swift */ = {isa = PBXFileReference; lastKnownFileType = sourcecode.swift; path = UdacityClient.swift; sourceTree = "<group>"; };
		CF6CF0B720E2B5D200CFF43D /* UdacityClientConstants.swift */ = {isa = PBXFileReference; lastKnownFileType = sourcecode.swift; path = UdacityClientConstants.swift; sourceTree = "<group>"; };
		CF6CF0BB20E3D7D200CFF43D /* NetworkManager.swift */ = {isa = PBXFileReference; lastKnownFileType = sourcecode.swift; path = NetworkManager.swift; sourceTree = "<group>"; };
/* End PBXFileReference section */

/* Begin PBXFrameworksBuildPhase section */
		CF1AEFA520D0196B00B0EB8C /* Frameworks */ = {
			isa = PBXFrameworksBuildPhase;
			buildActionMask = 2147483647;
			files = (
			);
			runOnlyForDeploymentPostprocessing = 0;
		};
/* End PBXFrameworksBuildPhase section */

/* Begin PBXGroup section */
		CF07797720D05D97005409E9 /* Controller */ = {
			isa = PBXGroup;
			children = (
				CF1AEFAD20D0196B00B0EB8C /* LoginViewController.swift */,
				CF64245D20D4674A0084D3F8 /* TabBarController.swift */,
				CF3AD71A20DC0B60004F6340 /* StudentInformationViewController.swift */,
				CF07796820D037CA005409E9 /* MapViewController.swift */,
				CF07796A20D03973005409E9 /* ListViewController.swift */,
				CF3AD71E20DC4092004F6340 /* InformationPostingViewController.swift */,
				CF4F4DC720DD85F400995FF9 /* LocationConfirmationViewController.swift */,
			);
			name = Controller;
			sourceTree = "<group>";
		};
		CF1AEF9F20D0196B00B0EB8C = {
			isa = PBXGroup;
			children = (
				CF1AEFAA20D0196B00B0EB8C /* OnTheMap */,
				CF1AEFA920D0196B00B0EB8C /* Products */,
			);
			sourceTree = "<group>";
		};
		CF1AEFA920D0196B00B0EB8C /* Products */ = {
			isa = PBXGroup;
			children = (
				CF1AEFA820D0196B00B0EB8C /* OnTheMap.app */,
			);
			name = Products;
			sourceTree = "<group>";
		};
		CF1AEFAA20D0196B00B0EB8C /* OnTheMap */ = {
			isa = PBXGroup;
			children = (
				CF1AEFAB20D0196B00B0EB8C /* AppDelegate.swift */,
				CF3AD71C20DC0E5A004F6340 /* Constants.swift */,
				CF6CF0BB20E3D7D200CFF43D /* NetworkManager.swift */,
				CFCB69BB20D05E39008EEE4B /* Model */,
				CF8D3DF720D05DE500AE425B /* View */,
				CF07797720D05D97005409E9 /* Controller */,
				CF1AEFAF20D0196B00B0EB8C /* Main.storyboard */,
				CF1AEFB220D0196C00B0EB8C /* Assets.xcassets */,
				CF1AEFB420D0196C00B0EB8C /* LaunchScreen.storyboard */,
				CF1AEFB720D0196C00B0EB8C /* Info.plist */,
			);
			path = OnTheMap;
			sourceTree = "<group>";
		};
		CF8D3DF720D05DE500AE425B /* View */ = {
			isa = PBXGroup;
			children = (
			);
			name = View;
			sourceTree = "<group>";
		};
		CFCB69BB20D05E39008EEE4B /* Model */ = {
			isa = PBXGroup;
			children = (
				CF6CF0B320E1576400CFF43D /* UserDataService.swift */,
				CF6CF0B520E2B54200CFF43D /* UdacityClient.swift */,
				CF6CF0B720E2B5D200CFF43D /* UdacityClientConstants.swift */,
				CF4ACB3220D2D19200038A3B /* ParseClient.swift */,
				CF07797320D05D5F005409E9 /* ParseClientConstants.swift */,
				CF07797520D05D72005409E9 /* StudentInformation.swift */,
			);
			name = Model;
			sourceTree = "<group>";
		};
/* End PBXGroup section */

/* Begin PBXNativeTarget section */
		CF1AEFA720D0196B00B0EB8C /* OnTheMap */ = {
			isa = PBXNativeTarget;
			buildConfigurationList = CF1AEFBA20D0196C00B0EB8C /* Build configuration list for PBXNativeTarget "OnTheMap" */;
			buildPhases = (
				CF1AEFA420D0196B00B0EB8C /* Sources */,
				CF1AEFA520D0196B00B0EB8C /* Frameworks */,
				CF1AEFA620D0196B00B0EB8C /* Resources */,
			);
			buildRules = (
			);
			dependencies = (
			);
			name = OnTheMap;
			productName = OnTheMap;
			productReference = CF1AEFA820D0196B00B0EB8C /* OnTheMap.app */;
			productType = "com.apple.product-type.application";
		};
/* End PBXNativeTarget section */

/* Begin PBXProject section */
		CF1AEFA020D0196B00B0EB8C /* Project object */ = {
			isa = PBXProject;
			attributes = {
				LastSwiftUpdateCheck = 0930;
				LastUpgradeCheck = 0930;
				ORGANIZATIONNAME = "Bernadett Kiss";
				TargetAttributes = {
					CF1AEFA720D0196B00B0EB8C = {
						CreatedOnToolsVersion = 9.3;
					};
				};
			};
			buildConfigurationList = CF1AEFA320D0196B00B0EB8C /* Build configuration list for PBXProject "OnTheMap" */;
			compatibilityVersion = "Xcode 9.3";
			developmentRegion = en;
			hasScannedForEncodings = 0;
			knownRegions = (
				en,
				Base,
			);
			mainGroup = CF1AEF9F20D0196B00B0EB8C;
			productRefGroup = CF1AEFA920D0196B00B0EB8C /* Products */;
			projectDirPath = "";
			projectRoot = "";
			targets = (
				CF1AEFA720D0196B00B0EB8C /* OnTheMap */,
			);
		};
/* End PBXProject section */

/* Begin PBXResourcesBuildPhase section */
		CF1AEFA620D0196B00B0EB8C /* Resources */ = {
			isa = PBXResourcesBuildPhase;
			buildActionMask = 2147483647;
			files = (
				CF1AEFB620D0196C00B0EB8C /* LaunchScreen.storyboard in Resources */,
				CF1AEFB320D0196C00B0EB8C /* Assets.xcassets in Resources */,
				CF1AEFB120D0196B00B0EB8C /* Main.storyboard in Resources */,
			);
			runOnlyForDeploymentPostprocessing = 0;
		};
/* End PBXResourcesBuildPhase section */

/* Begin PBXSourcesBuildPhase section */
		CF1AEFA420D0196B00B0EB8C /* Sources */ = {
			isa = PBXSourcesBuildPhase;
			buildActionMask = 2147483647;
			files = (
				CF4F4DC820DD85F400995FF9 /* LocationConfirmationViewController.swift in Sources */,
				CF6CF0B420E1576400CFF43D /* UserDataService.swift in Sources */,
				CF64245E20D4674A0084D3F8 /* TabBarController.swift in Sources */,
				CF4ACB3320D2D19200038A3B /* ParseClient.swift in Sources */,
				CF07797620D05D72005409E9 /* StudentInformation.swift in Sources */,
				CF1AEFAE20D0196B00B0EB8C /* LoginViewController.swift in Sources */,
				CF07797420D05D5F005409E9 /* ParseClientConstants.swift in Sources */,
				CF3AD71D20DC0E5A004F6340 /* Constants.swift in Sources */,
				CF3AD71B20DC0B60004F6340 /* StudentInformationViewController.swift in Sources */,
				CF6CF0BC20E3D7D200CFF43D /* NetworkManager.swift in Sources */,
				CF1AEFAC20D0196B00B0EB8C /* AppDelegate.swift in Sources */,
				CF07796B20D03973005409E9 /* ListViewController.swift in Sources */,
				CF6CF0B820E2B5D200CFF43D /* UdacityClientConstants.swift in Sources */,
				CF3AD71F20DC4092004F6340 /* InformationPostingViewController.swift in Sources */,
				CF6CF0B620E2B54200CFF43D /* UdacityClient.swift in Sources */,
				CF07796920D037CA005409E9 /* MapViewController.swift in Sources */,
			);
			runOnlyForDeploymentPostprocessing = 0;
		};
/* End PBXSourcesBuildPhase section */

/* Begin PBXVariantGroup section */
		CF1AEFAF20D0196B00B0EB8C /* Main.storyboard */ = {
			isa = PBXVariantGroup;
			children = (
				CF1AEFB020D0196B00B0EB8C /* Base */,
			);
			name = Main.storyboard;
			sourceTree = "<group>";
		};
		CF1AEFB420D0196C00B0EB8C /* LaunchScreen.storyboard */ = {
			isa = PBXVariantGroup;
			children = (
				CF1AEFB520D0196C00B0EB8C /* Base */,
			);
			name = LaunchScreen.storyboard;
			sourceTree = "<group>";
		};
/* End PBXVariantGroup section */

/* Begin XCBuildConfiguration section */
		CF1AEFB820D0196C00B0EB8C /* Debug */ = {
			isa = XCBuildConfiguration;
			buildSettings = {
				ALWAYS_SEARCH_USER_PATHS = NO;
				CLANG_ANALYZER_NONNULL = YES;
				CLANG_ANALYZER_NUMBER_OBJECT_CONVERSION = YES_AGGRESSIVE;
				CLANG_CXX_LANGUAGE_STANDARD = "gnu++14";
				CLANG_CXX_LIBRARY = "libc++";
				CLANG_ENABLE_MODULES = YES;
				CLANG_ENABLE_OBJC_ARC = YES;
				CLANG_ENABLE_OBJC_WEAK = YES;
				CLANG_WARN_BLOCK_CAPTURE_AUTORELEASING = YES;
				CLANG_WARN_BOOL_CONVERSION = YES;
				CLANG_WARN_COMMA = YES;
				CLANG_WARN_CONSTANT_CONVERSION = YES;
				CLANG_WARN_DEPRECATED_OBJC_IMPLEMENTATIONS = YES;
				CLANG_WARN_DIRECT_OBJC_ISA_USAGE = YES_ERROR;
				CLANG_WARN_DOCUMENTATION_COMMENTS = YES;
				CLANG_WARN_EMPTY_BODY = YES;
				CLANG_WARN_ENUM_CONVERSION = YES;
				CLANG_WARN_INFINITE_RECURSION = YES;
				CLANG_WARN_INT_CONVERSION = YES;
				CLANG_WARN_NON_LITERAL_NULL_CONVERSION = YES;
				CLANG_WARN_OBJC_IMPLICIT_RETAIN_SELF = YES;
				CLANG_WARN_OBJC_LITERAL_CONVERSION = YES;
				CLANG_WARN_OBJC_ROOT_CLASS = YES_ERROR;
				CLANG_WARN_RANGE_LOOP_ANALYSIS = YES;
				CLANG_WARN_STRICT_PROTOTYPES = YES;
				CLANG_WARN_SUSPICIOUS_MOVE = YES;
				CLANG_WARN_UNGUARDED_AVAILABILITY = YES_AGGRESSIVE;
				CLANG_WARN_UNREACHABLE_CODE = YES;
				CLANG_WARN__DUPLICATE_METHOD_MATCH = YES;
				CODE_SIGN_IDENTITY = "iPhone Developer";
				COPY_PHASE_STRIP = NO;
				DEBUG_INFORMATION_FORMAT = dwarf;
				ENABLE_STRICT_OBJC_MSGSEND = YES;
				ENABLE_TESTABILITY = YES;
				GCC_C_LANGUAGE_STANDARD = gnu11;
				GCC_DYNAMIC_NO_PIC = NO;
				GCC_NO_COMMON_BLOCKS = YES;
				GCC_OPTIMIZATION_LEVEL = 0;
				GCC_PREPROCESSOR_DEFINITIONS = (
					"DEBUG=1",
					"$(inherited)",
				);
				GCC_WARN_64_TO_32_BIT_CONVERSION = YES;
				GCC_WARN_ABOUT_RETURN_TYPE = YES_ERROR;
				GCC_WARN_UNDECLARED_SELECTOR = YES;
				GCC_WARN_UNINITIALIZED_AUTOS = YES_AGGRESSIVE;
				GCC_WARN_UNUSED_FUNCTION = YES;
				GCC_WARN_UNUSED_VARIABLE = YES;
				IPHONEOS_DEPLOYMENT_TARGET = 11.3;
				MTL_ENABLE_DEBUG_INFO = YES;
				ONLY_ACTIVE_ARCH = YES;
				SDKROOT = iphoneos;
				SWIFT_ACTIVE_COMPILATION_CONDITIONS = DEBUG;
				SWIFT_OPTIMIZATION_LEVEL = "-Onone";
			};
			name = Debug;
		};
		CF1AEFB920D0196C00B0EB8C /* Release */ = {
			isa = XCBuildConfiguration;
			buildSettings = {
				ALWAYS_SEARCH_USER_PATHS = NO;
				CLANG_ANALYZER_NONNULL = YES;
				CLANG_ANALYZER_NUMBER_OBJECT_CONVERSION = YES_AGGRESSIVE;
				CLANG_CXX_LANGUAGE_STANDARD = "gnu++14";
				CLANG_CXX_LIBRARY = "libc++";
				CLANG_ENABLE_MODULES = YES;
				CLANG_ENABLE_OBJC_ARC = YES;
				CLANG_ENABLE_OBJC_WEAK = YES;
				CLANG_WARN_BLOCK_CAPTURE_AUTORELEASING = YES;
				CLANG_WARN_BOOL_CONVERSION = YES;
				CLANG_WARN_COMMA = YES;
				CLANG_WARN_CONSTANT_CONVERSION = YES;
				CLANG_WARN_DEPRECATED_OBJC_IMPLEMENTATIONS = YES;
				CLANG_WARN_DIRECT_OBJC_ISA_USAGE = YES_ERROR;
				CLANG_WARN_DOCUMENTATION_COMMENTS = YES;
				CLANG_WARN_EMPTY_BODY = YES;
				CLANG_WARN_ENUM_CONVERSION = YES;
				CLANG_WARN_INFINITE_RECURSION = YES;
				CLANG_WARN_INT_CONVERSION = YES;
				CLANG_WARN_NON_LITERAL_NULL_CONVERSION = YES;
				CLANG_WARN_OBJC_IMPLICIT_RETAIN_SELF = YES;
				CLANG_WARN_OBJC_LITERAL_CONVERSION = YES;
				CLANG_WARN_OBJC_ROOT_CLASS = YES_ERROR;
				CLANG_WARN_RANGE_LOOP_ANALYSIS = YES;
				CLANG_WARN_STRICT_PROTOTYPES = YES;
				CLANG_WARN_SUSPICIOUS_MOVE = YES;
				CLANG_WARN_UNGUARDED_AVAILABILITY = YES_AGGRESSIVE;
				CLANG_WARN_UNREACHABLE_CODE = YES;
				CLANG_WARN__DUPLICATE_METHOD_MATCH = YES;
				CODE_SIGN_IDENTITY = "iPhone Developer";
				COPY_PHASE_STRIP = NO;
				DEBUG_INFORMATION_FORMAT = "dwarf-with-dsym";
				ENABLE_NS_ASSERTIONS = NO;
				ENABLE_STRICT_OBJC_MSGSEND = YES;
				GCC_C_LANGUAGE_STANDARD = gnu11;
				GCC_NO_COMMON_BLOCKS = YES;
				GCC_WARN_64_TO_32_BIT_CONVERSION = YES;
				GCC_WARN_ABOUT_RETURN_TYPE = YES_ERROR;
				GCC_WARN_UNDECLARED_SELECTOR = YES;
				GCC_WARN_UNINITIALIZED_AUTOS = YES_AGGRESSIVE;
				GCC_WARN_UNUSED_FUNCTION = YES;
				GCC_WARN_UNUSED_VARIABLE = YES;
				IPHONEOS_DEPLOYMENT_TARGET = 11.3;
				MTL_ENABLE_DEBUG_INFO = NO;
				SDKROOT = iphoneos;
				SWIFT_COMPILATION_MODE = wholemodule;
				SWIFT_OPTIMIZATION_LEVEL = "-O";
				VALIDATE_PRODUCT = YES;
			};
			name = Release;
		};
		CF1AEFBB20D0196C00B0EB8C /* Debug */ = {
			isa = XCBuildConfiguration;
			buildSettings = {
				ASSETCATALOG_COMPILER_APPICON_NAME = AppIcon;
				CODE_SIGN_STYLE = Automatic;
				DEVELOPMENT_TEAM = 5BWY3VMTWF;
				INFOPLIST_FILE = OnTheMap/Info.plist;
				LD_RUNPATH_SEARCH_PATHS = (
					"$(inherited)",
					"@executable_path/Frameworks",
				);
				PRODUCT_BUNDLE_IDENTIFIER = com.bernadettkiss.OnTheMap;
				PRODUCT_NAME = "$(TARGET_NAME)";
				SWIFT_VERSION = 4.0;
				TARGETED_DEVICE_FAMILY = "1,2";
			};
			name = Debug;
		};
		CF1AEFBC20D0196C00B0EB8C /* Release */ = {
			isa = XCBuildConfiguration;
			buildSettings = {
				ASSETCATALOG_COMPILER_APPICON_NAME = AppIcon;
				CODE_SIGN_STYLE = Automatic;
				DEVELOPMENT_TEAM = 5BWY3VMTWF;
				INFOPLIST_FILE = OnTheMap/Info.plist;
				LD_RUNPATH_SEARCH_PATHS = (
					"$(inherited)",
					"@executable_path/Frameworks",
				);
				PRODUCT_BUNDLE_IDENTIFIER = com.bernadettkiss.OnTheMap;
				PRODUCT_NAME = "$(TARGET_NAME)";
				SWIFT_VERSION = 4.0;
				TARGETED_DEVICE_FAMILY = "1,2";
			};
			name = Release;
		};
/* End XCBuildConfiguration section */

/* Begin XCConfigurationList section */
		CF1AEFA320D0196B00B0EB8C /* Build configuration list for PBXProject "OnTheMap" */ = {
			isa = XCConfigurationList;
			buildConfigurations = (
				CF1AEFB820D0196C00B0EB8C /* Debug */,
				CF1AEFB920D0196C00B0EB8C /* Release */,
			);
			defaultConfigurationIsVisible = 0;
			defaultConfigurationName = Release;
		};
		CF1AEFBA20D0196C00B0EB8C /* Build configuration list for PBXNativeTarget "OnTheMap" */ = {
			isa = XCConfigurationList;
			buildConfigurations = (
				CF1AEFBB20D0196C00B0EB8C /* Debug */,
				CF1AEFBC20D0196C00B0EB8C /* Release */,
			);
			defaultConfigurationIsVisible = 0;
			defaultConfigurationName = Release;
		};
/* End XCConfigurationList section */
	};
	rootObject = CF1AEFA020D0196B00B0EB8C /* Project object */;
}
